// !$*UTF8*$!
{
	archiveVersion = 1;
	classes = {
	};
	objectVersion = 56;
	objects = {

/* Begin PBXBuildFile section */
		D44FD01B2ACE3AD900C57C24 /* API_Hockey_More_OrganizedApp.swift in Sources */ = {isa = PBXBuildFile; fileRef = D44FD01A2ACE3AD900C57C24 /* API_Hockey_More_OrganizedApp.swift */; };
		D44FD01D2ACE3AD900C57C24 /* ContentView.swift in Sources */ = {isa = PBXBuildFile; fileRef = D44FD01C2ACE3AD900C57C24 /* ContentView.swift */; };
		D44FD01F2ACE3ADC00C57C24 /* Assets.xcassets in Resources */ = {isa = PBXBuildFile; fileRef = D44FD01E2ACE3ADC00C57C24 /* Assets.xcassets */; };
		D44FD0232ACE3ADC00C57C24 /* Preview Assets.xcassets in Resources */ = {isa = PBXBuildFile; fileRef = D44FD0222ACE3ADC00C57C24 /* Preview Assets.xcassets */; };
		D44FD02D2ACE3ADC00C57C24 /* API_Hockey_More_OrganizedTests.swift in Sources */ = {isa = PBXBuildFile; fileRef = D44FD02C2ACE3ADC00C57C24 /* API_Hockey_More_OrganizedTests.swift */; };
		D44FD0372ACE3ADC00C57C24 /* API_Hockey_More_OrganizedUITests.swift in Sources */ = {isa = PBXBuildFile; fileRef = D44FD0362ACE3ADC00C57C24 /* API_Hockey_More_OrganizedUITests.swift */; };
		D44FD0392ACE3ADC00C57C24 /* API_Hockey_More_OrganizedUITestsLaunchTests.swift in Sources */ = {isa = PBXBuildFile; fileRef = D44FD0382ACE3ADC00C57C24 /* API_Hockey_More_OrganizedUITestsLaunchTests.swift */; };
		D44FD0492ACE3EDE00C57C24 /* AppViewModel.swift in Sources */ = {isa = PBXBuildFile; fileRef = D44FD0482ACE3EDD00C57C24 /* AppViewModel.swift */; };
		D44FD04B2ACE3F0700C57C24 /* Teams.swift in Sources */ = {isa = PBXBuildFile; fileRef = D44FD04A2ACE3F0700C57C24 /* Teams.swift */; };
/* End PBXBuildFile section */

/* Begin PBXContainerItemProxy section */
		D44FD0292ACE3ADC00C57C24 /* PBXContainerItemProxy */ = {
			isa = PBXContainerItemProxy;
			containerPortal = D44FD00F2ACE3AD800C57C24 /* Project object */;
			proxyType = 1;
			remoteGlobalIDString = D44FD0162ACE3AD900C57C24;
			remoteInfo = "API Hockey More Organized";
		};
		D44FD0332ACE3ADC00C57C24 /* PBXContainerItemProxy */ = {
			isa = PBXContainerItemProxy;
			containerPortal = D44FD00F2ACE3AD800C57C24 /* Project object */;
			proxyType = 1;
			remoteGlobalIDString = D44FD0162ACE3AD900C57C24;
			remoteInfo = "API Hockey More Organized";
		};
/* End PBXContainerItemProxy section */

/* Begin PBXFileReference section */
		D44FD0172ACE3AD900C57C24 /* API Hockey More Organized.app */ = {isa = PBXFileReference; explicitFileType = wrapper.application; includeInIndex = 0; path = "API Hockey More Organized.app"; sourceTree = BUILT_PRODUCTS_DIR; };
		D44FD01A2ACE3AD900C57C24 /* API_Hockey_More_OrganizedApp.swift */ = {isa = PBXFileReference; lastKnownFileType = sourcecode.swift; path = API_Hockey_More_OrganizedApp.swift; sourceTree = "<group>"; };
		D44FD01C2ACE3AD900C57C24 /* ContentView.swift */ = {isa = PBXFileReference; lastKnownFileType = sourcecode.swift; path = ContentView.swift; sourceTree = "<group>"; };
		D44FD01E2ACE3ADC00C57C24 /* Assets.xcassets */ = {isa = PBXFileReference; lastKnownFileType = folder.assetcatalog; path = Assets.xcassets; sourceTree = "<group>"; };
		D44FD0202ACE3ADC00C57C24 /* API_Hockey_More_Organized.entitlements */ = {isa = PBXFileReference; lastKnownFileType = text.plist.entitlements; path = API_Hockey_More_Organized.entitlements; sourceTree = "<group>"; };
		D44FD0222ACE3ADC00C57C24 /* Preview Assets.xcassets */ = {isa = PBXFileReference; lastKnownFileType = folder.assetcatalog; path = "Preview Assets.xcassets"; sourceTree = "<group>"; };
		D44FD0282ACE3ADC00C57C24 /* API Hockey More OrganizedTests.xctest */ = {isa = PBXFileReference; explicitFileType = wrapper.cfbundle; includeInIndex = 0; path = "API Hockey More OrganizedTests.xctest"; sourceTree = BUILT_PRODUCTS_DIR; };
		D44FD02C2ACE3ADC00C57C24 /* API_Hockey_More_OrganizedTests.swift */ = {isa = PBXFileReference; lastKnownFileType = sourcecode.swift; path = API_Hockey_More_OrganizedTests.swift; sourceTree = "<group>"; };
		D44FD0322ACE3ADC00C57C24 /* API Hockey More OrganizedUITests.xctest */ = {isa = PBXFileReference; explicitFileType = wrapper.cfbundle; includeInIndex = 0; path = "API Hockey More OrganizedUITests.xctest"; sourceTree = BUILT_PRODUCTS_DIR; };
		D44FD0362ACE3ADC00C57C24 /* API_Hockey_More_OrganizedUITests.swift */ = {isa = PBXFileReference; lastKnownFileType = sourcecode.swift; path = API_Hockey_More_OrganizedUITests.swift; sourceTree = "<group>"; };
		D44FD0382ACE3ADC00C57C24 /* API_Hockey_More_OrganizedUITestsLaunchTests.swift */ = {isa = PBXFileReference; lastKnownFileType = sourcecode.swift; path = API_Hockey_More_OrganizedUITestsLaunchTests.swift; sourceTree = "<group>"; };
		D44FD0482ACE3EDD00C57C24 /* AppViewModel.swift */ = {isa = PBXFileReference; lastKnownFileType = sourcecode.swift; path = AppViewModel.swift; sourceTree = "<group>"; };
		D44FD04A2ACE3F0700C57C24 /* Teams.swift */ = {isa = PBXFileReference; lastKnownFileType = sourcecode.swift; path = Teams.swift; sourceTree = "<group>"; };
/* End PBXFileReference section */

/* Begin PBXFrameworksBuildPhase section */
		D44FD0142ACE3AD900C57C24 /* Frameworks */ = {
			isa = PBXFrameworksBuildPhase;
			buildActionMask = 2147483647;
			files = (
			);
			runOnlyForDeploymentPostprocessing = 0;
		};
		D44FD0252ACE3ADC00C57C24 /* Frameworks */ = {
			isa = PBXFrameworksBuildPhase;
			buildActionMask = 2147483647;
			files = (
			);
			runOnlyForDeploymentPostprocessing = 0;
		};
		D44FD02F2ACE3ADC00C57C24 /* Frameworks */ = {
			isa = PBXFrameworksBuildPhase;
			buildActionMask = 2147483647;
			files = (
			);
			runOnlyForDeploymentPostprocessing = 0;
		};
/* End PBXFrameworksBuildPhase section */

/* Begin PBXGroup section */
		D44FD00E2ACE3AD800C57C24 = {
			isa = PBXGroup;
			children = (
				D44FD0192ACE3AD900C57C24 /* API Hockey More Organized */,
				D44FD02B2ACE3ADC00C57C24 /* API Hockey More OrganizedTests */,
				D44FD0352ACE3ADC00C57C24 /* API Hockey More OrganizedUITests */,
				D44FD0182ACE3AD900C57C24 /* Products */,
			);
			sourceTree = "<group>";
		};
		D44FD0182ACE3AD900C57C24 /* Products */ = {
			isa = PBXGroup;
			children = (
				D44FD0172ACE3AD900C57C24 /* API Hockey More Organized.app */,
				D44FD0282ACE3ADC00C57C24 /* API Hockey More OrganizedTests.xctest */,
				D44FD0322ACE3ADC00C57C24 /* API Hockey More OrganizedUITests.xctest */,
			);
			name = Products;
			sourceTree = "<group>";
		};
		D44FD0192ACE3AD900C57C24 /* API Hockey More Organized */ = {
			isa = PBXGroup;
			children = (
				D44FD0452ACE3D1900C57C24 /* Views */,
				D44FD0472ACE3D5C00C57C24 /* ViewModels */,
				D44FD0462ACE3D4900C57C24 /* Models */,
				D44FD01A2ACE3AD900C57C24 /* API_Hockey_More_OrganizedApp.swift */,
				D44FD01E2ACE3ADC00C57C24 /* Assets.xcassets */,
				D44FD0202ACE3ADC00C57C24 /* API_Hockey_More_Organized.entitlements */,
				D44FD0212ACE3ADC00C57C24 /* Preview Content */,
			);
			path = "API Hockey More Organized";
			sourceTree = "<group>";
		};
		D44FD0212ACE3ADC00C57C24 /* Preview Content */ = {
			isa = PBXGroup;
			children = (
				D44FD0222ACE3ADC00C57C24 /* Preview Assets.xcassets */,
			);
			path = "Preview Content";
			sourceTree = "<group>";
		};
		D44FD02B2ACE3ADC00C57C24 /* API Hockey More OrganizedTests */ = {
			isa = PBXGroup;
			children = (
				D44FD02C2ACE3ADC00C57C24 /* API_Hockey_More_OrganizedTests.swift */,
			);
			path = "API Hockey More OrganizedTests";
			sourceTree = "<group>";
		};
		D44FD0352ACE3ADC00C57C24 /* API Hockey More OrganizedUITests */ = {
			isa = PBXGroup;
			children = (
				D44FD0362ACE3ADC00C57C24 /* API_Hockey_More_OrganizedUITests.swift */,
				D44FD0382ACE3ADC00C57C24 /* API_Hockey_More_OrganizedUITestsLaunchTests.swift */,
			);
			path = "API Hockey More OrganizedUITests";
			sourceTree = "<group>";
		};
		D44FD0452ACE3D1900C57C24 /* Views */ = {
			isa = PBXGroup;
			children = (
				D44FD01C2ACE3AD900C57C24 /* ContentView.swift */,
			);
			path = Views;
			sourceTree = "<group>";
		};
		D44FD0462ACE3D4900C57C24 /* Models */ = {
			isa = PBXGroup;
			children = (
				D44FD04A2ACE3F0700C57C24 /* Teams.swift */,
			);
			path = Models;
			sourceTree = "<group>";
		};
		D44FD0472ACE3D5C00C57C24 /* ViewModels */ = {
			isa = PBXGroup;
			children = (
				D44FD0482ACE3EDD00C57C24 /* AppViewModel.swift */,
			);
			path = ViewModels;
			sourceTree = "<group>";
		};
/* End PBXGroup section */

/* Begin PBXNativeTarget section */
		D44FD0162ACE3AD900C57C24 /* API Hockey More Organized */ = {
			isa = PBXNativeTarget;
			buildConfigurationList = D44FD03C2ACE3ADC00C57C24 /* Build configuration list for PBXNativeTarget "API Hockey More Organized" */;
			buildPhases = (
				D44FD0132ACE3AD900C57C24 /* Sources */,
				D44FD0142ACE3AD900C57C24 /* Frameworks */,
				D44FD0152ACE3AD900C57C24 /* Resources */,
			);
			buildRules = (
			);
			dependencies = (
			);
			name = "API Hockey More Organized";
			productName = "API Hockey More Organized";
			productReference = D44FD0172ACE3AD900C57C24 /* API Hockey More Organized.app */;
			productType = "com.apple.product-type.application";
		};
		D44FD0272ACE3ADC00C57C24 /* API Hockey More OrganizedTests */ = {
			isa = PBXNativeTarget;
			buildConfigurationList = D44FD03F2ACE3ADC00C57C24 /* Build configuration list for PBXNativeTarget "API Hockey More OrganizedTests" */;
			buildPhases = (
				D44FD0242ACE3ADC00C57C24 /* Sources */,
				D44FD0252ACE3ADC00C57C24 /* Frameworks */,
				D44FD0262ACE3ADC00C57C24 /* Resources */,
			);
			buildRules = (
			);
			dependencies = (
				D44FD02A2ACE3ADC00C57C24 /* PBXTargetDependency */,
			);
			name = "API Hockey More OrganizedTests";
			productName = "API Hockey More OrganizedTests";
			productReference = D44FD0282ACE3ADC00C57C24 /* API Hockey More OrganizedTests.xctest */;
			productType = "com.apple.product-type.bundle.unit-test";
		};
		D44FD0312ACE3ADC00C57C24 /* API Hockey More OrganizedUITests */ = {
			isa = PBXNativeTarget;
			buildConfigurationList = D44FD0422ACE3ADC00C57C24 /* Build configuration list for PBXNativeTarget "API Hockey More OrganizedUITests" */;
			buildPhases = (
				D44FD02E2ACE3ADC00C57C24 /* Sources */,
				D44FD02F2ACE3ADC00C57C24 /* Frameworks */,
				D44FD0302ACE3ADC00C57C24 /* Resources */,
			);
			buildRules = (
			);
			dependencies = (
				D44FD0342ACE3ADC00C57C24 /* PBXTargetDependency */,
			);
			name = "API Hockey More OrganizedUITests";
			productName = "API Hockey More OrganizedUITests";
			productReference = D44FD0322ACE3ADC00C57C24 /* API Hockey More OrganizedUITests.xctest */;
			productType = "com.apple.product-type.bundle.ui-testing";
		};
/* End PBXNativeTarget section */

/* Begin PBXProject section */
		D44FD00F2ACE3AD800C57C24 /* Project object */ = {
			isa = PBXProject;
			attributes = {
				BuildIndependentTargetsInParallel = 1;
				LastSwiftUpdateCheck = 1500;
				LastUpgradeCheck = 1500;
				TargetAttributes = {
					D44FD0162ACE3AD900C57C24 = {
						CreatedOnToolsVersion = 15.0;
					};
					D44FD0272ACE3ADC00C57C24 = {
						CreatedOnToolsVersion = 15.0;
						TestTargetID = D44FD0162ACE3AD900C57C24;
					};
					D44FD0312ACE3ADC00C57C24 = {
						CreatedOnToolsVersion = 15.0;
						TestTargetID = D44FD0162ACE3AD900C57C24;
					};
				};
			};
			buildConfigurationList = D44FD0122ACE3AD800C57C24 /* Build configuration list for PBXProject "API Hockey More Organized" */;
			compatibilityVersion = "Xcode 14.0";
			developmentRegion = en;
			hasScannedForEncodings = 0;
			knownRegions = (
				en,
				Base,
			);
			mainGroup = D44FD00E2ACE3AD800C57C24;
			productRefGroup = D44FD0182ACE3AD900C57C24 /* Products */;
			projectDirPath = "";
			projectRoot = "";
			targets = (
				D44FD0162ACE3AD900C57C24 /* API Hockey More Organized */,
				D44FD0272ACE3ADC00C57C24 /* API Hockey More OrganizedTests */,
				D44FD0312ACE3ADC00C57C24 /* API Hockey More OrganizedUITests */,
			);
		};
/* End PBXProject section */

/* Begin PBXResourcesBuildPhase section */
		D44FD0152ACE3AD900C57C24 /* Resources */ = {
			isa = PBXResourcesBuildPhase;
			buildActionMask = 2147483647;
			files = (
				D44FD0232ACE3ADC00C57C24 /* Preview Assets.xcassets in Resources */,
				D44FD01F2ACE3ADC00C57C24 /* Assets.xcassets in Resources */,
			);
			runOnlyForDeploymentPostprocessing = 0;
		};
		D44FD0262ACE3ADC00C57C24 /* Resources */ = {
			isa = PBXResourcesBuildPhase;
			buildActionMask = 2147483647;
			files = (
			);
			runOnlyForDeploymentPostprocessing = 0;
		};
		D44FD0302ACE3ADC00C57C24 /* Resources */ = {
			isa = PBXResourcesBuildPhase;
			buildActionMask = 2147483647;
			files = (
			);
			runOnlyForDeploymentPostprocessing = 0;
		};
/* End PBXResourcesBuildPhase section */

/* Begin PBXSourcesBuildPhase section */
		D44FD0132ACE3AD900C57C24 /* Sources */ = {
			isa = PBXSourcesBuildPhase;
			buildActionMask = 2147483647;
			files = (
				D44FD04B2ACE3F0700C57C24 /* Teams.swift in Sources */,
				D44FD01D2ACE3AD900C57C24 /* ContentView.swift in Sources */,
				D44FD01B2ACE3AD900C57C24 /* API_Hockey_More_OrganizedApp.swift in Sources */,
				D44FD0492ACE3EDE00C57C24 /* AppViewModel.swift in Sources */,
			);
			runOnlyForDeploymentPostprocessing = 0;
		};
		D44FD0242ACE3ADC00C57C24 /* Sources */ = {
			isa = PBXSourcesBuildPhase;
			buildActionMask = 2147483647;
			files = (
				D44FD02D2ACE3ADC00C57C24 /* API_Hockey_More_OrganizedTests.swift in Sources */,
			);
			runOnlyForDeploymentPostprocessing = 0;
		};
		D44FD02E2ACE3ADC00C57C24 /* Sources */ = {
			isa = PBXSourcesBuildPhase;
			buildActionMask = 2147483647;
			files = (
				D44FD0372ACE3ADC00C57C24 /* API_Hockey_More_OrganizedUITests.swift in Sources */,
				D44FD0392ACE3ADC00C57C24 /* API_Hockey_More_OrganizedUITestsLaunchTests.swift in Sources */,
			);
			runOnlyForDeploymentPostprocessing = 0;
		};
/* End PBXSourcesBuildPhase section */

/* Begin PBXTargetDependency section */
		D44FD02A2ACE3ADC00C57C24 /* PBXTargetDependency */ = {
			isa = PBXTargetDependency;
			target = D44FD0162ACE3AD900C57C24 /* API Hockey More Organized */;
			targetProxy = D44FD0292ACE3ADC00C57C24 /* PBXContainerItemProxy */;
		};
		D44FD0342ACE3ADC00C57C24 /* PBXTargetDependency */ = {
			isa = PBXTargetDependency;
			target = D44FD0162ACE3AD900C57C24 /* API Hockey More Organized */;
			targetProxy = D44FD0332ACE3ADC00C57C24 /* PBXContainerItemProxy */;
		};
/* End PBXTargetDependency section */

/* Begin XCBuildConfiguration section */
		D44FD03A2ACE3ADC00C57C24 /* Debug */ = {
			isa = XCBuildConfiguration;
			buildSettings = {
				ALWAYS_SEARCH_USER_PATHS = NO;
				ASSETCATALOG_COMPILER_GENERATE_SWIFT_ASSET_SYMBOL_EXTENSIONS = YES;
				CLANG_ANALYZER_NONNULL = YES;
				CLANG_ANALYZER_NUMBER_OBJECT_CONVERSION = YES_AGGRESSIVE;
				CLANG_CXX_LANGUAGE_STANDARD = "gnu++20";
				CLANG_ENABLE_MODULES = YES;
				CLANG_ENABLE_OBJC_ARC = YES;
				CLANG_ENABLE_OBJC_WEAK = YES;
				CLANG_WARN_BLOCK_CAPTURE_AUTORELEASING = YES;
				CLANG_WARN_BOOL_CONVERSION = YES;
				CLANG_WARN_COMMA = YES;
				CLANG_WARN_CONSTANT_CONVERSION = YES;
				CLANG_WARN_DEPRECATED_OBJC_IMPLEMENTATIONS = YES;
				CLANG_WARN_DIRECT_OBJC_ISA_USAGE = YES_ERROR;
				CLANG_WARN_DOCUMENTATION_COMMENTS = YES;
				CLANG_WARN_EMPTY_BODY = YES;
				CLANG_WARN_ENUM_CONVERSION = YES;
				CLANG_WARN_INFINITE_RECURSION = YES;
				CLANG_WARN_INT_CONVERSION = YES;
				CLANG_WARN_NON_LITERAL_NULL_CONVERSION = YES;
				CLANG_WARN_OBJC_IMPLICIT_RETAIN_SELF = YES;
				CLANG_WARN_OBJC_LITERAL_CONVERSION = YES;
				CLANG_WARN_OBJC_ROOT_CLASS = YES_ERROR;
				CLANG_WARN_QUOTED_INCLUDE_IN_FRAMEWORK_HEADER = YES;
				CLANG_WARN_RANGE_LOOP_ANALYSIS = YES;
				CLANG_WARN_STRICT_PROTOTYPES = YES;
				CLANG_WARN_SUSPICIOUS_MOVE = YES;
				CLANG_WARN_UNGUARDED_AVAILABILITY = YES_AGGRESSIVE;
				CLANG_WARN_UNREACHABLE_CODE = YES;
				CLANG_WARN__DUPLICATE_METHOD_MATCH = YES;
				COPY_PHASE_STRIP = NO;
				DEBUG_INFORMATION_FORMAT = dwarf;
				ENABLE_STRICT_OBJC_MSGSEND = YES;
				ENABLE_TESTABILITY = YES;
				ENABLE_USER_SCRIPT_SANDBOXING = YES;
				GCC_C_LANGUAGE_STANDARD = gnu17;
				GCC_DYNAMIC_NO_PIC = NO;
				GCC_NO_COMMON_BLOCKS = YES;
				GCC_OPTIMIZATION_LEVEL = 0;
				GCC_PREPROCESSOR_DEFINITIONS = (
					"DEBUG=1",
					"$(inherited)",
				);
				GCC_WARN_64_TO_32_BIT_CONVERSION = YES;
				GCC_WARN_ABOUT_RETURN_TYPE = YES_ERROR;
				GCC_WARN_UNDECLARED_SELECTOR = YES;
				GCC_WARN_UNINITIALIZED_AUTOS = YES_AGGRESSIVE;
				GCC_WARN_UNUSED_FUNCTION = YES;
				GCC_WARN_UNUSED_VARIABLE = YES;
				LOCALIZATION_PREFERS_STRING_CATALOGS = YES;
				MTL_ENABLE_DEBUG_INFO = INCLUDE_SOURCE;
				MTL_FAST_MATH = YES;
				ONLY_ACTIVE_ARCH = YES;
				SWIFT_ACTIVE_COMPILATION_CONDITIONS = "DEBUG $(inherited)";
				SWIFT_OPTIMIZATION_LEVEL = "-Onone";
			};
			name = Debug;
		};
		D44FD03B2ACE3ADC00C57C24 /* Release */ = {
			isa = XCBuildConfiguration;
			buildSettings = {
				ALWAYS_SEARCH_USER_PATHS = NO;
				ASSETCATALOG_COMPILER_GENERATE_SWIFT_ASSET_SYMBOL_EXTENSIONS = YES;
				CLANG_ANALYZER_NONNULL = YES;
				CLANG_ANALYZER_NUMBER_OBJECT_CONVERSION = YES_AGGRESSIVE;
				CLANG_CXX_LANGUAGE_STANDARD = "gnu++20";
				CLANG_ENABLE_MODULES = YES;
				CLANG_ENABLE_OBJC_ARC = YES;
				CLANG_ENABLE_OBJC_WEAK = YES;
				CLANG_WARN_BLOCK_CAPTURE_AUTORELEASING = YES;
				CLANG_WARN_BOOL_CONVERSION = YES;
				CLANG_WARN_COMMA = YES;
				CLANG_WARN_CONSTANT_CONVERSION = YES;
				CLANG_WARN_DEPRECATED_OBJC_IMPLEMENTATIONS = YES;
				CLANG_WARN_DIRECT_OBJC_ISA_USAGE = YES_ERROR;
				CLANG_WARN_DOCUMENTATION_COMMENTS = YES;
				CLANG_WARN_EMPTY_BODY = YES;
				CLANG_WARN_ENUM_CONVERSION = YES;
				CLANG_WARN_INFINITE_RECURSION = YES;
				CLANG_WARN_INT_CONVERSION = YES;
				CLANG_WARN_NON_LITERAL_NULL_CONVERSION = YES;
				CLANG_WARN_OBJC_IMPLICIT_RETAIN_SELF = YES;
				CLANG_WARN_OBJC_LITERAL_CONVERSION = YES;
				CLANG_WARN_OBJC_ROOT_CLASS = YES_ERROR;
				CLANG_WARN_QUOTED_INCLUDE_IN_FRAMEWORK_HEADER = YES;
				CLANG_WARN_RANGE_LOOP_ANALYSIS = YES;
				CLANG_WARN_STRICT_PROTOTYPES = YES;
				CLANG_WARN_SUSPICIOUS_MOVE = YES;
				CLANG_WARN_UNGUARDED_AVAILABILITY = YES_AGGRESSIVE;
				CLANG_WARN_UNREACHABLE_CODE = YES;
				CLANG_WARN__DUPLICATE_METHOD_MATCH = YES;
				COPY_PHASE_STRIP = NO;
				DEBUG_INFORMATION_FORMAT = "dwarf-with-dsym";
				ENABLE_NS_ASSERTIONS = NO;
				ENABLE_STRICT_OBJC_MSGSEND = YES;
				ENABLE_USER_SCRIPT_SANDBOXING = YES;
				GCC_C_LANGUAGE_STANDARD = gnu17;
				GCC_NO_COMMON_BLOCKS = YES;
				GCC_WARN_64_TO_32_BIT_CONVERSION = YES;
				GCC_WARN_ABOUT_RETURN_TYPE = YES_ERROR;
				GCC_WARN_UNDECLARED_SELECTOR = YES;
				GCC_WARN_UNINITIALIZED_AUTOS = YES_AGGRESSIVE;
				GCC_WARN_UNUSED_FUNCTION = YES;
				GCC_WARN_UNUSED_VARIABLE = YES;
				LOCALIZATION_PREFERS_STRING_CATALOGS = YES;
				MTL_ENABLE_DEBUG_INFO = NO;
				MTL_FAST_MATH = YES;
				SWIFT_COMPILATION_MODE = wholemodule;
			};
			name = Release;
		};
		D44FD03D2ACE3ADC00C57C24 /* Debug */ = {
			isa = XCBuildConfiguration;
			buildSettings = {
				ASSETCATALOG_COMPILER_APPICON_NAME = AppIcon;
				ASSETCATALOG_COMPILER_GLOBAL_ACCENT_COLOR_NAME = AccentColor;
				CODE_SIGN_ENTITLEMENTS = "API Hockey More Organized/API_Hockey_More_Organized.entitlements";
				CODE_SIGN_STYLE = Automatic;
				CURRENT_PROJECT_VERSION = 1;
				DEVELOPMENT_ASSET_PATHS = "\"API Hockey More Organized/Preview Content\"";
				DEVELOPMENT_TEAM = H2ANL4K7JB;
				ENABLE_HARDENED_RUNTIME = YES;
				ENABLE_PREVIEWS = YES;
				GENERATE_INFOPLIST_FILE = YES;
				"INFOPLIST_KEY_UIApplicationSceneManifest_Generation[sdk=iphoneos*]" = YES;
				"INFOPLIST_KEY_UIApplicationSceneManifest_Generation[sdk=iphonesimulator*]" = YES;
				"INFOPLIST_KEY_UIApplicationSupportsIndirectInputEvents[sdk=iphoneos*]" = YES;
				"INFOPLIST_KEY_UIApplicationSupportsIndirectInputEvents[sdk=iphonesimulator*]" = YES;
				"INFOPLIST_KEY_UILaunchScreen_Generation[sdk=iphoneos*]" = YES;
				"INFOPLIST_KEY_UILaunchScreen_Generation[sdk=iphonesimulator*]" = YES;
				"INFOPLIST_KEY_UIStatusBarStyle[sdk=iphoneos*]" = UIStatusBarStyleDefault;
				"INFOPLIST_KEY_UIStatusBarStyle[sdk=iphonesimulator*]" = UIStatusBarStyleDefault;
				INFOPLIST_KEY_UISupportedInterfaceOrientations_iPad = "UIInterfaceOrientationPortrait UIInterfaceOrientationPortraitUpsideDown UIInterfaceOrientationLandscapeLeft UIInterfaceOrientationLandscapeRight";
				INFOPLIST_KEY_UISupportedInterfaceOrientations_iPhone = "UIInterfaceOrientationPortrait UIInterfaceOrientationLandscapeLeft UIInterfaceOrientationLandscapeRight";
				IPHONEOS_DEPLOYMENT_TARGET = 17.0;
				LD_RUNPATH_SEARCH_PATHS = "@executable_path/Frameworks";
				"LD_RUNPATH_SEARCH_PATHS[sdk=macosx*]" = "@executable_path/../Frameworks";
				MACOSX_DEPLOYMENT_TARGET = 13.5;
				MARKETING_VERSION = 1.0;
				PRODUCT_BUNDLE_IDENTIFIER = "com.example.API-Hockey-More-Organized";
				PRODUCT_NAME = "$(TARGET_NAME)";
				SDKROOT = auto;
				SUPPORTED_PLATFORMS = "iphoneos iphonesimulator macosx";
				SWIFT_EMIT_LOC_STRINGS = YES;
				SWIFT_VERSION = 5.0;
				TARGETED_DEVICE_FAMILY = "1,2";
			};
			name = Debug;
		};
		D44FD03E2ACE3ADC00C57C24 /* Release */ = {
			isa = XCBuildConfiguration;
			buildSettings = {
				ASSETCATALOG_COMPILER_APPICON_NAME = AppIcon;
				ASSETCATALOG_COMPILER_GLOBAL_ACCENT_COLOR_NAME = AccentColor;
				CODE_SIGN_ENTITLEMENTS = "API Hockey More Organized/API_Hockey_More_Organized.entitlements";
				CODE_SIGN_STYLE = Automatic;
				CURRENT_PROJECT_VERSION = 1;
				DEVELOPMENT_ASSET_PATHS = "\"API Hockey More Organized/Preview Content\"";
				DEVELOPMENT_TEAM = H2ANL4K7JB;
				ENABLE_HARDENED_RUNTIME = YES;
				ENABLE_PREVIEWS = YES;
				GENERATE_INFOPLIST_FILE = YES;
				"INFOPLIST_KEY_UIApplicationSceneManifest_Generation[sdk=iphoneos*]" = YES;
				"INFOPLIST_KEY_UIApplicationSceneManifest_Generation[sdk=iphonesimulator*]" = YES;
				"INFOPLIST_KEY_UIApplicationSupportsIndirectInputEvents[sdk=iphoneos*]" = YES;
				"INFOPLIST_KEY_UIApplicationSupportsIndirectInputEvents[sdk=iphonesimulator*]" = YES;
				"INFOPLIST_KEY_UILaunchScreen_Generation[sdk=iphoneos*]" = YES;
				"INFOPLIST_KEY_UILaunchScreen_Generation[sdk=iphonesimulator*]" = YES;
				"INFOPLIST_KEY_UIStatusBarStyle[sdk=iphoneos*]" = UIStatusBarStyleDefault;
				"INFOPLIST_KEY_UIStatusBarStyle[sdk=iphonesimulator*]" = UIStatusBarStyleDefault;
				INFOPLIST_KEY_UISupportedInterfaceOrientations_iPad = "UIInterfaceOrientationPortrait UIInterfaceOrientationPortraitUpsideDown UIInterfaceOrientationLandscapeLeft UIInterfaceOrientationLandscapeRight";
				INFOPLIST_KEY_UISupportedInterfaceOrientations_iPhone = "UIInterfaceOrientationPortrait UIInterfaceOrientationLandscapeLeft UIInterfaceOrientationLandscapeRight";
				IPHONEOS_DEPLOYMENT_TARGET = 17.0;
				LD_RUNPATH_SEARCH_PATHS = "@executable_path/Frameworks";
				"LD_RUNPATH_SEARCH_PATHS[sdk=macosx*]" = "@executable_path/../Frameworks";
				MACOSX_DEPLOYMENT_TARGET = 13.5;
				MARKETING_VERSION = 1.0;
				PRODUCT_BUNDLE_IDENTIFIER = "com.example.API-Hockey-More-Organized";
				PRODUCT_NAME = "$(TARGET_NAME)";
				SDKROOT = auto;
				SUPPORTED_PLATFORMS = "iphoneos iphonesimulator macosx";
				SWIFT_EMIT_LOC_STRINGS = YES;
				SWIFT_VERSION = 5.0;
				TARGETED_DEVICE_FAMILY = "1,2";
			};
			name = Release;
		};
		D44FD0402ACE3ADC00C57C24 /* Debug */ = {
			isa = XCBuildConfiguration;
			buildSettings = {
				ALWAYS_EMBED_SWIFT_STANDARD_LIBRARIES = YES;
				BUNDLE_LOADER = "$(TEST_HOST)";
				CODE_SIGN_STYLE = Automatic;
				CURRENT_PROJECT_VERSION = 1;
				DEVELOPMENT_TEAM = H2ANL4K7JB;
				GENERATE_INFOPLIST_FILE = YES;
				IPHONEOS_DEPLOYMENT_TARGET = 17.0;
				MACOSX_DEPLOYMENT_TARGET = 13.5;
				MARKETING_VERSION = 1.0;
				PRODUCT_BUNDLE_IDENTIFIER = "com.example.API-Hockey-More-OrganizedTests";
				PRODUCT_NAME = "$(TARGET_NAME)";
				SDKROOT = auto;
				SUPPORTED_PLATFORMS = "iphoneos iphonesimulator macosx";
				SWIFT_EMIT_LOC_STRINGS = NO;
				SWIFT_VERSION = 5.0;
				TARGETED_DEVICE_FAMILY = "1,2";
				TEST_HOST = "$(BUILT_PRODUCTS_DIR)/API Hockey More Organized.app/$(BUNDLE_EXECUTABLE_FOLDER_PATH)/API Hockey More Organized";
			};
			name = Debug;
		};
		D44FD0412ACE3ADC00C57C24 /* Release */ = {
			isa = XCBuildConfiguration;
			buildSettings = {
				ALWAYS_EMBED_SWIFT_STANDARD_LIBRARIES = YES;
				BUNDLE_LOADER = "$(TEST_HOST)";
				CODE_SIGN_STYLE = Automatic;
				CURRENT_PROJECT_VERSION = 1;
				DEVELOPMENT_TEAM = H2ANL4K7JB;
				GENERATE_INFOPLIST_FILE = YES;
				IPHONEOS_DEPLOYMENT_TARGET = 17.0;
				MACOSX_DEPLOYMENT_TARGET = 13.5;
				MARKETING_VERSION = 1.0;
				PRODUCT_BUNDLE_IDENTIFIER = "com.example.API-Hockey-More-OrganizedTests";
				PRODUCT_NAME = "$(TARGET_NAME)";
				SDKROOT = auto;
				SUPPORTED_PLATFORMS = "iphoneos iphonesimulator macosx";
				SWIFT_EMIT_LOC_STRINGS = NO;
				SWIFT_VERSION = 5.0;
				TARGETED_DEVICE_FAMILY = "1,2";
				TEST_HOST = "$(BUILT_PRODUCTS_DIR)/API Hockey More Organized.app/$(BUNDLE_EXECUTABLE_FOLDER_PATH)/API Hockey More Organized";
			};
			name = Release;
		};
		D44FD0432ACE3ADC00C57C24 /* Debug */ = {
			isa = XCBuildConfiguration;
			buildSettings = {
				ALWAYS_EMBED_SWIFT_STANDARD_LIBRARIES = YES;
				CODE_SIGN_STYLE = Automatic;
				CURRENT_PROJECT_VERSION = 1;
				DEVELOPMENT_TEAM = H2ANL4K7JB;
				GENERATE_INFOPLIST_FILE = YES;
				IPHONEOS_DEPLOYMENT_TARGET = 17.0;
				MACOSX_DEPLOYMENT_TARGET = 13.5;
				MARKETING_VERSION = 1.0;
				PRODUCT_BUNDLE_IDENTIFIER = "com.example.API-Hockey-More-OrganizedUITests";
				PRODUCT_NAME = "$(TARGET_NAME)";
				SDKROOT = auto;
				SUPPORTED_PLATFORMS = "iphoneos iphonesimulator macosx";
				SWIFT_EMIT_LOC_STRINGS = NO;
				SWIFT_VERSION = 5.0;
				TARGETED_DEVICE_FAMILY = "1,2";
				TEST_TARGET_NAME = "API Hockey More Organized";
			};
			name = Debug;
		};
		D44FD0442ACE3ADC00C57C24 /* Release */ = {
			isa = XCBuildConfiguration;
			buildSettings = {
				ALWAYS_EMBED_SWIFT_STANDARD_LIBRARIES = YES;
				CODE_SIGN_STYLE = Automatic;
				CURRENT_PROJECT_VERSION = 1;
				DEVELOPMENT_TEAM = H2ANL4K7JB;
				GENERATE_INFOPLIST_FILE = YES;
				IPHONEOS_DEPLOYMENT_TARGET = 17.0;
				MACOSX_DEPLOYMENT_TARGET = 13.5;
				MARKETING_VERSION = 1.0;
				PRODUCT_BUNDLE_IDENTIFIER = "com.example.API-Hockey-More-OrganizedUITests";
				PRODUCT_NAME = "$(TARGET_NAME)";
				SDKROOT = auto;
				SUPPORTED_PLATFORMS = "iphoneos iphonesimulator macosx";
				SWIFT_EMIT_LOC_STRINGS = NO;
				SWIFT_VERSION = 5.0;
				TARGETED_DEVICE_FAMILY = "1,2";
				TEST_TARGET_NAME = "API Hockey More Organized";
			};
			name = Release;
		};
/* End XCBuildConfiguration section */

/* Begin XCConfigurationList section */
		D44FD0122ACE3AD800C57C24 /* Build configuration list for PBXProject "API Hockey More Organized" */ = {
			isa = XCConfigurationList;
			buildConfigurations = (
				D44FD03A2ACE3ADC00C57C24 /* Debug */,
				D44FD03B2ACE3ADC00C57C24 /* Release */,
			);
			defaultConfigurationIsVisible = 0;
			defaultConfigurationName = Release;
		};
		D44FD03C2ACE3ADC00C57C24 /* Build configuration list for PBXNativeTarget "API Hockey More Organized" */ = {
			isa = XCConfigurationList;
			buildConfigurations = (
				D44FD03D2ACE3ADC00C57C24 /* Debug */,
				D44FD03E2ACE3ADC00C57C24 /* Release */,
			);
			defaultConfigurationIsVisible = 0;
			defaultConfigurationName = Release;
		};
		D44FD03F2ACE3ADC00C57C24 /* Build configuration list for PBXNativeTarget "API Hockey More OrganizedTests" */ = {
			isa = XCConfigurationList;
			buildConfigurations = (
				D44FD0402ACE3ADC00C57C24 /* Debug */,
				D44FD0412ACE3ADC00C57C24 /* Release */,
			);
			defaultConfigurationIsVisible = 0;
			defaultConfigurationName = Release;
		};
		D44FD0422ACE3ADC00C57C24 /* Build configuration list for PBXNativeTarget "API Hockey More OrganizedUITests" */ = {
			isa = XCConfigurationList;
			buildConfigurations = (
				D44FD0432ACE3ADC00C57C24 /* Debug */,
				D44FD0442ACE3ADC00C57C24 /* Release */,
			);
			defaultConfigurationIsVisible = 0;
			defaultConfigurationName = Release;
		};
/* End XCConfigurationList section */
	};
	rootObject = D44FD00F2ACE3AD800C57C24 /* Project object */;
}
